PODS:
  - JSQMessagesViewController (7.3.4):
    - JSQSystemSoundPlayer (~> 2.0.1)
  - JSQSystemSoundPlayer (2.0.1)

DEPENDENCIES:
  - JSQMessagesViewController

SPEC CHECKSUMS:
  JSQMessagesViewController: 39fed975e3c9f8eba7292071e29eeb541d105e66
  JSQSystemSoundPlayer: c5850e77a4363ffd374cd851154b9af93264ed8d

PODFILE CHECKSUM: 36475e82eb4f02b09d219d7c3d10e66cfe4cd82f

COCOAPODS: 1.2.0
