// !$*UTF8*$!
{
	archiveVersion = 1;
	classes = {
	};
	objectVersion = 46;
	objects = {

/* Begin PBXBuildFile section */
		051EBECD1E864BB6002BA6B7 /* PopupView.xib in Resources */ = {isa = PBXBuildFile; fileRef = 051EBECC1E864BB6002BA6B7 /* PopupView.xib */; };
		051EBED11E864F87002BA6B7 /* PopupView.swift in Sources */ = {isa = PBXBuildFile; fileRef = 051EBED01E864F87002BA6B7 /* PopupView.swift */; };
		055024151E7C331700175FED /* GoogleService-Info.plist in Resources */ = {isa = PBXBuildFile; fileRef = 055024141E7C331700175FED /* GoogleService-Info.plist */; };
		055024231E7C467900175FED /* LoginViewController.swift in Sources */ = {isa = PBXBuildFile; fileRef = 055024221E7C467900175FED /* LoginViewController.swift */; };
		055024281E7CFA3700175FED /* utilities.swift in Sources */ = {isa = PBXBuildFile; fileRef = 055024271E7CFA3700175FED /* utilities.swift */; };
		0550242D1E7D278500175FED /* User.swift in Sources */ = {isa = PBXBuildFile; fileRef = 0550242C1E7D278500175FED /* User.swift */; };
		0550242F1E7D2D3900175FED /* ChatListViewController.swift in Sources */ = {isa = PBXBuildFile; fileRef = 0550242E1E7D2D3900175FED /* ChatListViewController.swift */; };
		0555D5B71E82CAF60058F9CD /* UserDetailViewController.swift in Sources */ = {isa = PBXBuildFile; fileRef = 0555D5B61E82CAF60058F9CD /* UserDetailViewController.swift */; };
		0555D5BB1E82CB520058F9CD /* ThinhList.storyboard in Resources */ = {isa = PBXBuildFile; fileRef = 0555D5BA1E82CB520058F9CD /* ThinhList.storyboard */; };
		0555D5BD1E82CB710058F9CD /* ThinhListViewController.swift in Sources */ = {isa = PBXBuildFile; fileRef = 0555D5BC1E82CB710058F9CD /* ThinhListViewController.swift */; };
		0555D5BF1E82DE1C0058F9CD /* Setting.storyboard in Resources */ = {isa = PBXBuildFile; fileRef = 0555D5BE1E82DE1C0058F9CD /* Setting.storyboard */; };
		0555D5C11E82DE390058F9CD /* SettingViewController.swift in Sources */ = {isa = PBXBuildFile; fileRef = 0555D5C01E82DE390058F9CD /* SettingViewController.swift */; };
		05B03C8F1E82BFDA00106C08 /* UserDetail.storyboard in Resources */ = {isa = PBXBuildFile; fileRef = 05B03C8E1E82BFDA00106C08 /* UserDetail.storyboard */; };
		05F8ACC01E85609F00A9B281 /* Fonts in Resources */ = {isa = PBXBuildFile; fileRef = 05F8ACBF1E85609F00A9B281 /* Fonts */; };
		05F8ACC61E8583CE00A9B281 /* TabBarViewController.swift in Sources */ = {isa = PBXBuildFile; fileRef = 05F8ACC51E8583CE00A9B281 /* TabBarViewController.swift */; };
		1534E6B11E82CA4400E62BAD /* Conversation.storyboard in Resources */ = {isa = PBXBuildFile; fileRef = 1534E6B01E82CA4400E62BAD /* Conversation.storyboard */; };
		1534E6B51E82D25900E62BAD /* Chat.storyboard in Resources */ = {isa = PBXBuildFile; fileRef = 1534E6B41E82D25900E62BAD /* Chat.storyboard */; };
		1534E6B91E82D2A000E62BAD /* ConversationViewController.swift in Sources */ = {isa = PBXBuildFile; fileRef = 1534E6B81E82D2A000E62BAD /* ConversationViewController.swift */; };
		1534E6BB1E82D2B700E62BAD /* ChatViewController.swift in Sources */ = {isa = PBXBuildFile; fileRef = 1534E6BA1E82D2B700E62BAD /* ChatViewController.swift */; };
		1534E6BF1E836F7900E62BAD /* ConversationViewCell.swift in Sources */ = {isa = PBXBuildFile; fileRef = 1534E6BE1E836F7900E62BAD /* ConversationViewCell.swift */; };
		941469B91E7F542C00CB3732 /* Date_extension.swift in Sources */ = {isa = PBXBuildFile; fileRef = 941469B81E7F542C00CB3732 /* Date_extension.swift */; };
		948C1F2B1E7E267C000F20E5 /* Constant.swift in Sources */ = {isa = PBXBuildFile; fileRef = 948C1F2A1E7E267C000F20E5 /* Constant.swift */; };
		948C1F2D1E7E2A88000F20E5 /* Message.swift in Sources */ = {isa = PBXBuildFile; fileRef = 948C1F2C1E7E2A88000F20E5 /* Message.swift */; };
		948C1F2F1E7E2C7D000F20E5 /* Conversation.swift in Sources */ = {isa = PBXBuildFile; fileRef = 948C1F2E1E7E2C7D000F20E5 /* Conversation.swift */; };
		948C1F311E7E2E69000F20E5 /* FirebaseClient.swift in Sources */ = {isa = PBXBuildFile; fileRef = 948C1F301E7E2E69000F20E5 /* FirebaseClient.swift */; };
		94C71F011E7444E400D63A95 /* AppDelegate.swift in Sources */ = {isa = PBXBuildFile; fileRef = 94C71F001E7444E400D63A95 /* AppDelegate.swift */; };
		94C71F061E7444E400D63A95 /* Main.storyboard in Resources */ = {isa = PBXBuildFile; fileRef = 94C71F041E7444E400D63A95 /* Main.storyboard */; };
		94C71F081E7444E400D63A95 /* Assets.xcassets in Resources */ = {isa = PBXBuildFile; fileRef = 94C71F071E7444E400D63A95 /* Assets.xcassets */; };
		94C71F0B1E7444E400D63A95 /* LaunchScreen.storyboard in Resources */ = {isa = PBXBuildFile; fileRef = 94C71F091E7444E400D63A95 /* LaunchScreen.storyboard */; };
		C8263355D1140BCE9AFEE195 /* Pods_Thinh.framework in Frameworks */ = {isa = PBXBuildFile; fileRef = 8B511A829B8797A0E0B0FD21 /* Pods_Thinh.framework */; };
/* End PBXBuildFile section */

/* Begin PBXFileReference section */
		051EBECC1E864BB6002BA6B7 /* PopupView.xib */ = {isa = PBXFileReference; fileEncoding = 4; lastKnownFileType = file.xib; path = PopupView.xib; sourceTree = "<group>"; };
		051EBED01E864F87002BA6B7 /* PopupView.swift */ = {isa = PBXFileReference; fileEncoding = 4; lastKnownFileType = sourcecode.swift; path = PopupView.swift; sourceTree = "<group>"; };
		055024141E7C331700175FED /* GoogleService-Info.plist */ = {isa = PBXFileReference; fileEncoding = 4; lastKnownFileType = text.plist.xml; path = "GoogleService-Info.plist"; sourceTree = "<group>"; };
		055024221E7C467900175FED /* LoginViewController.swift */ = {isa = PBXFileReference; fileEncoding = 4; lastKnownFileType = sourcecode.swift; path = LoginViewController.swift; sourceTree = "<group>"; };
		055024271E7CFA3700175FED /* utilities.swift */ = {isa = PBXFileReference; fileEncoding = 4; lastKnownFileType = sourcecode.swift; path = utilities.swift; sourceTree = "<group>"; };
		0550242C1E7D278500175FED /* User.swift */ = {isa = PBXFileReference; fileEncoding = 4; lastKnownFileType = sourcecode.swift; path = User.swift; sourceTree = "<group>"; };
		0550242E1E7D2D3900175FED /* ChatListViewController.swift */ = {isa = PBXFileReference; fileEncoding = 4; lastKnownFileType = sourcecode.swift; path = ChatListViewController.swift; sourceTree = "<group>"; };
		0555D5B61E82CAF60058F9CD /* UserDetailViewController.swift */ = {isa = PBXFileReference; fileEncoding = 4; lastKnownFileType = sourcecode.swift; path = UserDetailViewController.swift; sourceTree = "<group>"; };
		0555D5BA1E82CB520058F9CD /* ThinhList.storyboard */ = {isa = PBXFileReference; fileEncoding = 4; lastKnownFileType = file.storyboard; path = ThinhList.storyboard; sourceTree = "<group>"; };
		0555D5BC1E82CB710058F9CD /* ThinhListViewController.swift */ = {isa = PBXFileReference; fileEncoding = 4; lastKnownFileType = sourcecode.swift; path = ThinhListViewController.swift; sourceTree = "<group>"; };
		0555D5BE1E82DE1C0058F9CD /* Setting.storyboard */ = {isa = PBXFileReference; fileEncoding = 4; lastKnownFileType = file.storyboard; path = Setting.storyboard; sourceTree = "<group>"; };
		0555D5C01E82DE390058F9CD /* SettingViewController.swift */ = {isa = PBXFileReference; fileEncoding = 4; lastKnownFileType = sourcecode.swift; path = SettingViewController.swift; sourceTree = "<group>"; };
		05B03C8E1E82BFDA00106C08 /* UserDetail.storyboard */ = {isa = PBXFileReference; fileEncoding = 4; lastKnownFileType = file.storyboard; path = UserDetail.storyboard; sourceTree = "<group>"; };
		05F8ACBF1E85609F00A9B281 /* Fonts */ = {isa = PBXFileReference; lastKnownFileType = folder; path = Fonts; sourceTree = "<group>"; };
		05F8ACC51E8583CE00A9B281 /* TabBarViewController.swift */ = {isa = PBXFileReference; fileEncoding = 4; lastKnownFileType = sourcecode.swift; path = TabBarViewController.swift; sourceTree = "<group>"; };
		1534E6B01E82CA4400E62BAD /* Conversation.storyboard */ = {isa = PBXFileReference; fileEncoding = 4; lastKnownFileType = file.storyboard; path = Conversation.storyboard; sourceTree = "<group>"; };
		1534E6B41E82D25900E62BAD /* Chat.storyboard */ = {isa = PBXFileReference; fileEncoding = 4; lastKnownFileType = file.storyboard; path = Chat.storyboard; sourceTree = "<group>"; };
		1534E6B81E82D2A000E62BAD /* ConversationViewController.swift */ = {isa = PBXFileReference; fileEncoding = 4; lastKnownFileType = sourcecode.swift; path = ConversationViewController.swift; sourceTree = "<group>"; };
		1534E6BA1E82D2B700E62BAD /* ChatViewController.swift */ = {isa = PBXFileReference; fileEncoding = 4; lastKnownFileType = sourcecode.swift; path = ChatViewController.swift; sourceTree = "<group>"; };
		1534E6BE1E836F7900E62BAD /* ConversationViewCell.swift */ = {isa = PBXFileReference; fileEncoding = 4; lastKnownFileType = sourcecode.swift; path = ConversationViewCell.swift; sourceTree = "<group>"; };
		72B5C06EECD187D2F8E9B840 /* Pods-Thinh.release.xcconfig */ = {isa = PBXFileReference; includeInIndex = 1; lastKnownFileType = text.xcconfig; name = "Pods-Thinh.release.xcconfig"; path = "Pods/Target Support Files/Pods-Thinh/Pods-Thinh.release.xcconfig"; sourceTree = "<group>"; };
		75B3FD42645CC32F317309D3 /* Pods-Thinh.debug.xcconfig */ = {isa = PBXFileReference; includeInIndex = 1; lastKnownFileType = text.xcconfig; name = "Pods-Thinh.debug.xcconfig"; path = "Pods/Target Support Files/Pods-Thinh/Pods-Thinh.debug.xcconfig"; sourceTree = "<group>"; };
		8B511A829B8797A0E0B0FD21 /* Pods_Thinh.framework */ = {isa = PBXFileReference; explicitFileType = wrapper.framework; includeInIndex = 0; path = Pods_Thinh.framework; sourceTree = BUILT_PRODUCTS_DIR; };
		941469B81E7F542C00CB3732 /* Date_extension.swift */ = {isa = PBXFileReference; fileEncoding = 4; lastKnownFileType = sourcecode.swift; path = Date_extension.swift; sourceTree = "<group>"; };
		948C1F2A1E7E267C000F20E5 /* Constant.swift */ = {isa = PBXFileReference; fileEncoding = 4; lastKnownFileType = sourcecode.swift; path = Constant.swift; sourceTree = "<group>"; };
		948C1F2C1E7E2A88000F20E5 /* Message.swift */ = {isa = PBXFileReference; fileEncoding = 4; lastKnownFileType = sourcecode.swift; path = Message.swift; sourceTree = "<group>"; };
		948C1F2E1E7E2C7D000F20E5 /* Conversation.swift */ = {isa = PBXFileReference; fileEncoding = 4; lastKnownFileType = sourcecode.swift; path = Conversation.swift; sourceTree = "<group>"; };
		948C1F301E7E2E69000F20E5 /* FirebaseClient.swift */ = {isa = PBXFileReference; fileEncoding = 4; lastKnownFileType = sourcecode.swift; path = FirebaseClient.swift; sourceTree = "<group>"; };
		94C71EFD1E7444E400D63A95 /* Thinh.app */ = {isa = PBXFileReference; explicitFileType = wrapper.application; includeInIndex = 0; path = Thinh.app; sourceTree = BUILT_PRODUCTS_DIR; };
		94C71F001E7444E400D63A95 /* AppDelegate.swift */ = {isa = PBXFileReference; lastKnownFileType = sourcecode.swift; path = AppDelegate.swift; sourceTree = "<group>"; };
		94C71F051E7444E400D63A95 /* Base */ = {isa = PBXFileReference; lastKnownFileType = file.storyboard; name = Base; path = Base.lproj/Main.storyboard; sourceTree = "<group>"; };
		94C71F071E7444E400D63A95 /* Assets.xcassets */ = {isa = PBXFileReference; lastKnownFileType = folder.assetcatalog; path = Assets.xcassets; sourceTree = "<group>"; };
		94C71F0A1E7444E400D63A95 /* Base */ = {isa = PBXFileReference; lastKnownFileType = file.storyboard; name = Base; path = Base.lproj/LaunchScreen.storyboard; sourceTree = "<group>"; };
		94C71F0C1E7444E400D63A95 /* Info.plist */ = {isa = PBXFileReference; lastKnownFileType = text.plist.xml; path = Info.plist; sourceTree = "<group>"; };
/* End PBXFileReference section */

/* Begin PBXFrameworksBuildPhase section */
		94C71EFA1E7444E300D63A95 /* Frameworks */ = {
			isa = PBXFrameworksBuildPhase;
			buildActionMask = 2147483647;
			files = (
				C8263355D1140BCE9AFEE195 /* Pods_Thinh.framework in Frameworks */,
			);
			runOnlyForDeploymentPostprocessing = 0;
		};
/* End PBXFrameworksBuildPhase section */

/* Begin PBXGroup section */
		055024241E7CF77200175FED /* Models */ = {
			isa = PBXGroup;
			children = (
				0550242C1E7D278500175FED /* User.swift */,
				948C1F2C1E7E2A88000F20E5 /* Message.swift */,
				948C1F2E1E7E2C7D000F20E5 /* Conversation.swift */,
			);
			name = Models;
			sourceTree = "<group>";
		};
		055024291E7D070D00175FED /* API */ = {
			isa = PBXGroup;
			children = (
				948C1F301E7E2E69000F20E5 /* FirebaseClient.swift */,
			);
			name = API;
			sourceTree = "<group>";
		};
		05F8ACBC1E842C2D00A9B281 /* DetailView */ = {
			isa = PBXGroup;
			children = (
				05B03C8E1E82BFDA00106C08 /* UserDetail.storyboard */,
				0555D5B61E82CAF60058F9CD /* UserDetailViewController.swift */,
			);
			name = DetailView;
			sourceTree = "<group>";
		};
		05F8ACBD1E842CA300A9B281 /* ThinhList */ = {
			isa = PBXGroup;
			children = (
				0555D5BA1E82CB520058F9CD /* ThinhList.storyboard */,
				0555D5BC1E82CB710058F9CD /* ThinhListViewController.swift */,
			);
			name = ThinhList;
			sourceTree = "<group>";
		};
		05F8ACBE1E842CFA00A9B281 /* Setting */ = {
			isa = PBXGroup;
			children = (
				0555D5BE1E82DE1C0058F9CD /* Setting.storyboard */,
				0555D5C01E82DE390058F9CD /* SettingViewController.swift */,
				051EBECC1E864BB6002BA6B7 /* PopupView.xib */,
				051EBED01E864F87002BA6B7 /* PopupView.swift */,
			);
			name = Setting;
			sourceTree = "<group>";
		};
		1534E6AE1E82CA2900E62BAD /* Chat */ = {
			isa = PBXGroup;
			children = (
				1534E6B41E82D25900E62BAD /* Chat.storyboard */,
				1534E6BA1E82D2B700E62BAD /* ChatViewController.swift */,
			);
			name = Chat;
			sourceTree = "<group>";
		};
		1534E6AF1E82CA3400E62BAD /* Conversation */ = {
			isa = PBXGroup;
			children = (
				1534E6B01E82CA4400E62BAD /* Conversation.storyboard */,
				1534E6B81E82D2A000E62BAD /* ConversationViewController.swift */,
				1534E6BE1E836F7900E62BAD /* ConversationViewCell.swift */,
			);
			name = Conversation;
			sourceTree = "<group>";
		};
		948C1F321E7E360A000F20E5 /* Utils */ = {
			isa = PBXGroup;
			children = (
				94C71F071E7444E400D63A95 /* Assets.xcassets */,
				05F8ACBF1E85609F00A9B281 /* Fonts */,
				94C71F0C1E7444E400D63A95 /* Info.plist */,
				055024271E7CFA3700175FED /* utilities.swift */,
				948C1F2A1E7E267C000F20E5 /* Constant.swift */,
				94C71F091E7444E400D63A95 /* LaunchScreen.storyboard */,
				055024141E7C331700175FED /* GoogleService-Info.plist */,
				94C71F001E7444E400D63A95 /* AppDelegate.swift */,
				941469B81E7F542C00CB3732 /* Date_extension.swift */,
			);
			name = Utils;
			sourceTree = "<group>";
		};
		948C1F331E7E3623000F20E5 /* Views */ = {
			isa = PBXGroup;
			children = (
				05F8ACBE1E842CFA00A9B281 /* Setting */,
				05F8ACBD1E842CA300A9B281 /* ThinhList */,
				05F8ACBC1E842C2D00A9B281 /* DetailView */,
				1534E6AF1E82CA3400E62BAD /* Conversation */,
				1534E6AE1E82CA2900E62BAD /* Chat */,
				055024221E7C467900175FED /* LoginViewController.swift */,
				94C71F041E7444E400D63A95 /* Main.storyboard */,
				05F8ACC51E8583CE00A9B281 /* TabBarViewController.swift */,
				0550242E1E7D2D3900175FED /* ChatListViewController.swift */,
			);
			name = Views;
			sourceTree = "<group>";
		};
		94C71EF41E7444E300D63A95 = {
			isa = PBXGroup;
			children = (
				94C71EFF1E7444E400D63A95 /* Thinh */,
				94C71EFE1E7444E400D63A95 /* Products */,
				B78E57204AFA4356146B95B2 /* Pods */,
				E91F839E610D906F29C478C7 /* Frameworks */,
			);
			sourceTree = "<group>";
		};
		94C71EFE1E7444E400D63A95 /* Products */ = {
			isa = PBXGroup;
			children = (
				94C71EFD1E7444E400D63A95 /* Thinh.app */,
			);
			name = Products;
			sourceTree = "<group>";
		};
		94C71EFF1E7444E400D63A95 /* Thinh */ = {
			isa = PBXGroup;
			children = (
				948C1F331E7E3623000F20E5 /* Views */,
				948C1F321E7E360A000F20E5 /* Utils */,
				055024291E7D070D00175FED /* API */,
				055024241E7CF77200175FED /* Models */,
			);
			path = Thinh;
			sourceTree = "<group>";
		};
		B78E57204AFA4356146B95B2 /* Pods */ = {
			isa = PBXGroup;
			children = (
				75B3FD42645CC32F317309D3 /* Pods-Thinh.debug.xcconfig */,
				72B5C06EECD187D2F8E9B840 /* Pods-Thinh.release.xcconfig */,
			);
			name = Pods;
			sourceTree = "<group>";
		};
		E91F839E610D906F29C478C7 /* Frameworks */ = {
			isa = PBXGroup;
			children = (
				8B511A829B8797A0E0B0FD21 /* Pods_Thinh.framework */,
			);
			name = Frameworks;
			sourceTree = "<group>";
		};
/* End PBXGroup section */

/* Begin PBXNativeTarget section */
		94C71EFC1E7444E300D63A95 /* Thinh */ = {
			isa = PBXNativeTarget;
			buildConfigurationList = 94C71F0F1E7444E400D63A95 /* Build configuration list for PBXNativeTarget "Thinh" */;
			buildPhases = (
				79539952EE1EDEA9ECC18079 /* [CP] Check Pods Manifest.lock */,
				94C71EF91E7444E300D63A95 /* Sources */,
				94C71EFA1E7444E300D63A95 /* Frameworks */,
				94C71EFB1E7444E300D63A95 /* Resources */,
				C2851D7D3DEE2333B607B4DE /* [CP] Embed Pods Frameworks */,
				29AC579ACD6AE88AEC0A91D5 /* [CP] Copy Pods Resources */,
			);
			buildRules = (
			);
			dependencies = (
			);
			name = Thinh;
			productName = Thinh;
			productReference = 94C71EFD1E7444E400D63A95 /* Thinh.app */;
			productType = "com.apple.product-type.application";
		};
/* End PBXNativeTarget section */

/* Begin PBXProject section */
		94C71EF51E7444E300D63A95 /* Project object */ = {
			isa = PBXProject;
			attributes = {
				LastSwiftUpdateCheck = 0820;
				LastUpgradeCheck = 0820;
				ORGANIZATIONNAME = coderschool;
				TargetAttributes = {
					94C71EFC1E7444E300D63A95 = {
						CreatedOnToolsVersion = 8.2.1;
						DevelopmentTeam = 8D5SZ9A5H3;
						ProvisioningStyle = Automatic;
					};
				};
			};
			buildConfigurationList = 94C71EF81E7444E300D63A95 /* Build configuration list for PBXProject "Thinh" */;
			compatibilityVersion = "Xcode 3.2";
			developmentRegion = English;
			hasScannedForEncodings = 0;
			knownRegions = (
				en,
				Base,
			);
			mainGroup = 94C71EF41E7444E300D63A95;
			productRefGroup = 94C71EFE1E7444E400D63A95 /* Products */;
			projectDirPath = "";
			projectRoot = "";
			targets = (
				94C71EFC1E7444E300D63A95 /* Thinh */,
			);
		};
/* End PBXProject section */

/* Begin PBXResourcesBuildPhase section */
		94C71EFB1E7444E300D63A95 /* Resources */ = {
			isa = PBXResourcesBuildPhase;
			buildActionMask = 2147483647;
			files = (
				1534E6B51E82D25900E62BAD /* Chat.storyboard in Resources */,
				051EBECD1E864BB6002BA6B7 /* PopupView.xib in Resources */,
				94C71F0B1E7444E400D63A95 /* LaunchScreen.storyboard in Resources */,
				05B03C8F1E82BFDA00106C08 /* UserDetail.storyboard in Resources */,
				94C71F081E7444E400D63A95 /* Assets.xcassets in Resources */,
				1534E6B11E82CA4400E62BAD /* Conversation.storyboard in Resources */,
				05F8ACC01E85609F00A9B281 /* Fonts in Resources */,
				055024151E7C331700175FED /* GoogleService-Info.plist in Resources */,
				0555D5BB1E82CB520058F9CD /* ThinhList.storyboard in Resources */,
				94C71F061E7444E400D63A95 /* Main.storyboard in Resources */,
				0555D5BF1E82DE1C0058F9CD /* Setting.storyboard in Resources */,
			);
			runOnlyForDeploymentPostprocessing = 0;
		};
/* End PBXResourcesBuildPhase section */

/* Begin PBXShellScriptBuildPhase section */
		29AC579ACD6AE88AEC0A91D5 /* [CP] Copy Pods Resources */ = {
			isa = PBXShellScriptBuildPhase;
			buildActionMask = 2147483647;
			files = (
			);
			inputPaths = (
			);
			name = "[CP] Copy Pods Resources";
			outputPaths = (
			);
			runOnlyForDeploymentPostprocessing = 0;
			shellPath = /bin/sh;
			shellScript = "\"${SRCROOT}/Pods/Target Support Files/Pods-Thinh/Pods-Thinh-resources.sh\"\n";
			showEnvVarsInLog = 0;
		};
		79539952EE1EDEA9ECC18079 /* [CP] Check Pods Manifest.lock */ = {
			isa = PBXShellScriptBuildPhase;
			buildActionMask = 2147483647;
			files = (
			);
			inputPaths = (
			);
			name = "[CP] Check Pods Manifest.lock";
			outputPaths = (
			);
			runOnlyForDeploymentPostprocessing = 0;
			shellPath = /bin/sh;
			shellScript = "diff \"${PODS_ROOT}/../Podfile.lock\" \"${PODS_ROOT}/Manifest.lock\" > /dev/null\nif [ $? != 0 ] ; then\n    # print error to STDERR\n    echo \"error: The sandbox is not in sync with the Podfile.lock. Run 'pod install' or update your CocoaPods installation.\" >&2\n    exit 1\nfi\n";
			showEnvVarsInLog = 0;
		};
		C2851D7D3DEE2333B607B4DE /* [CP] Embed Pods Frameworks */ = {
			isa = PBXShellScriptBuildPhase;
			buildActionMask = 2147483647;
			files = (
			);
			inputPaths = (
			);
			name = "[CP] Embed Pods Frameworks";
			outputPaths = (
			);
			runOnlyForDeploymentPostprocessing = 0;
			shellPath = /bin/sh;
			shellScript = "\"${SRCROOT}/Pods/Target Support Files/Pods-Thinh/Pods-Thinh-frameworks.sh\"\n";
			showEnvVarsInLog = 0;
		};
/* End PBXShellScriptBuildPhase section */

/* Begin PBXSourcesBuildPhase section */
		94C71EF91E7444E300D63A95 /* Sources */ = {
			isa = PBXSourcesBuildPhase;
			buildActionMask = 2147483647;
			files = (
				0555D5BD1E82CB710058F9CD /* ThinhListViewController.swift in Sources */,
				948C1F2F1E7E2C7D000F20E5 /* Conversation.swift in Sources */,
				055024231E7C467900175FED /* LoginViewController.swift in Sources */,
				0555D5B71E82CAF60058F9CD /* UserDetailViewController.swift in Sources */,
				1534E6B91E82D2A000E62BAD /* ConversationViewController.swift in Sources */,
				941469B91E7F542C00CB3732 /* Date_extension.swift in Sources */,
				0555D5C11E82DE390058F9CD /* SettingViewController.swift in Sources */,
				94C71F011E7444E400D63A95 /* AppDelegate.swift in Sources */,
				0550242D1E7D278500175FED /* User.swift in Sources */,
				051EBED11E864F87002BA6B7 /* PopupView.swift in Sources */,
				05F8ACC61E8583CE00A9B281 /* TabBarViewController.swift in Sources */,
				055024281E7CFA3700175FED /* utilities.swift in Sources */,
				1534E6BF1E836F7900E62BAD /* ConversationViewCell.swift in Sources */,
				948C1F311E7E2E69000F20E5 /* FirebaseClient.swift in Sources */,
				0550242F1E7D2D3900175FED /* ChatListViewController.swift in Sources */,
				1534E6BB1E82D2B700E62BAD /* ChatViewController.swift in Sources */,
				948C1F2B1E7E267C000F20E5 /* Constant.swift in Sources */,
				948C1F2D1E7E2A88000F20E5 /* Message.swift in Sources */,
			);
			runOnlyForDeploymentPostprocessing = 0;
		};
/* End PBXSourcesBuildPhase section */

/* Begin PBXVariantGroup section */
		94C71F041E7444E400D63A95 /* Main.storyboard */ = {
			isa = PBXVariantGroup;
			children = (
				94C71F051E7444E400D63A95 /* Base */,
			);
			name = Main.storyboard;
			sourceTree = "<group>";
		};
		94C71F091E7444E400D63A95 /* LaunchScreen.storyboard */ = {
			isa = PBXVariantGroup;
			children = (
				94C71F0A1E7444E400D63A95 /* Base */,
			);
			name = LaunchScreen.storyboard;
			sourceTree = "<group>";
		};
/* End PBXVariantGroup section */

/* Begin XCBuildConfiguration section */
		94C71F0D1E7444E400D63A95 /* Debug */ = {
			isa = XCBuildConfiguration;
			buildSettings = {
				ALWAYS_SEARCH_USER_PATHS = NO;
				CLANG_ANALYZER_NONNULL = YES;
				CLANG_CXX_LANGUAGE_STANDARD = "gnu++0x";
				CLANG_CXX_LIBRARY = "libc++";
				CLANG_ENABLE_MODULES = YES;
				CLANG_ENABLE_OBJC_ARC = YES;
				CLANG_WARN_BOOL_CONVERSION = YES;
				CLANG_WARN_CONSTANT_CONVERSION = YES;
				CLANG_WARN_DIRECT_OBJC_ISA_USAGE = YES_ERROR;
				CLANG_WARN_DOCUMENTATION_COMMENTS = YES;
				CLANG_WARN_EMPTY_BODY = YES;
				CLANG_WARN_ENUM_CONVERSION = YES;
				CLANG_WARN_INFINITE_RECURSION = YES;
				CLANG_WARN_INT_CONVERSION = YES;
				CLANG_WARN_OBJC_ROOT_CLASS = YES_ERROR;
				CLANG_WARN_SUSPICIOUS_MOVE = YES;
				CLANG_WARN_UNREACHABLE_CODE = YES;
				CLANG_WARN__DUPLICATE_METHOD_MATCH = YES;
				"CODE_SIGN_IDENTITY[sdk=iphoneos*]" = "iPhone Developer";
				COPY_PHASE_STRIP = NO;
				DEBUG_INFORMATION_FORMAT = dwarf;
				ENABLE_STRICT_OBJC_MSGSEND = YES;
				ENABLE_TESTABILITY = YES;
				GCC_C_LANGUAGE_STANDARD = gnu99;
				GCC_DYNAMIC_NO_PIC = NO;
				GCC_NO_COMMON_BLOCKS = YES;
				GCC_OPTIMIZATION_LEVEL = 0;
				GCC_PREPROCESSOR_DEFINITIONS = (
					"DEBUG=1",
					"$(inherited)",
				);
				GCC_WARN_64_TO_32_BIT_CONVERSION = YES;
				GCC_WARN_ABOUT_RETURN_TYPE = YES_ERROR;
				GCC_WARN_UNDECLARED_SELECTOR = YES;
				GCC_WARN_UNINITIALIZED_AUTOS = YES_AGGRESSIVE;
				GCC_WARN_UNUSED_FUNCTION = YES;
				GCC_WARN_UNUSED_VARIABLE = YES;
				IPHONEOS_DEPLOYMENT_TARGET = 9.0;
				MTL_ENABLE_DEBUG_INFO = YES;
				ONLY_ACTIVE_ARCH = YES;
				SDKROOT = iphoneos;
				SWIFT_ACTIVE_COMPILATION_CONDITIONS = DEBUG;
				SWIFT_OPTIMIZATION_LEVEL = "-Onone";
				TARGETED_DEVICE_FAMILY = "1,2";
			};
			name = Debug;
		};
		94C71F0E1E7444E400D63A95 /* Release */ = {
			isa = XCBuildConfiguration;
			buildSettings = {
				ALWAYS_SEARCH_USER_PATHS = NO;
				CLANG_ANALYZER_NONNULL = YES;
				CLANG_CXX_LANGUAGE_STANDARD = "gnu++0x";
				CLANG_CXX_LIBRARY = "libc++";
				CLANG_ENABLE_MODULES = YES;
				CLANG_ENABLE_OBJC_ARC = YES;
				CLANG_WARN_BOOL_CONVERSION = YES;
				CLANG_WARN_CONSTANT_CONVERSION = YES;
				CLANG_WARN_DIRECT_OBJC_ISA_USAGE = YES_ERROR;
				CLANG_WARN_DOCUMENTATION_COMMENTS = YES;
				CLANG_WARN_EMPTY_BODY = YES;
				CLANG_WARN_ENUM_CONVERSION = YES;
				CLANG_WARN_INFINITE_RECURSION = YES;
				CLANG_WARN_INT_CONVERSION = YES;
				CLANG_WARN_OBJC_ROOT_CLASS = YES_ERROR;
				CLANG_WARN_SUSPICIOUS_MOVE = YES;
				CLANG_WARN_UNREACHABLE_CODE = YES;
				CLANG_WARN__DUPLICATE_METHOD_MATCH = YES;
				"CODE_SIGN_IDENTITY[sdk=iphoneos*]" = "iPhone Developer";
				COPY_PHASE_STRIP = NO;
				DEBUG_INFORMATION_FORMAT = "dwarf-with-dsym";
				ENABLE_NS_ASSERTIONS = NO;
				ENABLE_STRICT_OBJC_MSGSEND = YES;
				GCC_C_LANGUAGE_STANDARD = gnu99;
				GCC_NO_COMMON_BLOCKS = YES;
				GCC_WARN_64_TO_32_BIT_CONVERSION = YES;
				GCC_WARN_ABOUT_RETURN_TYPE = YES_ERROR;
				GCC_WARN_UNDECLARED_SELECTOR = YES;
				GCC_WARN_UNINITIALIZED_AUTOS = YES_AGGRESSIVE;
				GCC_WARN_UNUSED_FUNCTION = YES;
				GCC_WARN_UNUSED_VARIABLE = YES;
				IPHONEOS_DEPLOYMENT_TARGET = 9.0;
				MTL_ENABLE_DEBUG_INFO = NO;
				SDKROOT = iphoneos;
				SWIFT_OPTIMIZATION_LEVEL = "-Owholemodule";
				TARGETED_DEVICE_FAMILY = "1,2";
				VALIDATE_PRODUCT = YES;
			};
			name = Release;
		};
		94C71F101E7444E400D63A95 /* Debug */ = {
			isa = XCBuildConfiguration;
			baseConfigurationReference = 75B3FD42645CC32F317309D3 /* Pods-Thinh.debug.xcconfig */;
			buildSettings = {
				ASSETCATALOG_COMPILER_APPICON_NAME = AppIcon;
				"CODE_SIGN_IDENTITY[sdk=iphoneos*]" = "iPhone Developer";
				DEVELOPMENT_TEAM = 8D5SZ9A5H3;
				FRAMEWORK_SEARCH_PATHS = (
					"$(inherited)",
					"$(PROJECT_DIR)",
				);
				INFOPLIST_FILE = Thinh/Info.plist;
				IPHONEOS_DEPLOYMENT_TARGET = 9.0;
				LD_RUNPATH_SEARCH_PATHS = "$(inherited) @executable_path/Frameworks";
				PRODUCT_BUNDLE_IDENTIFIER = com.coderschool.Thinh;
				PRODUCT_NAME = "$(TARGET_NAME)";
				SWIFT_VERSION = 3.0;
			};
			name = Debug;
		};
		94C71F111E7444E400D63A95 /* Release */ = {
			isa = XCBuildConfiguration;
			baseConfigurationReference = 72B5C06EECD187D2F8E9B840 /* Pods-Thinh.release.xcconfig */;
			buildSettings = {
				ASSETCATALOG_COMPILER_APPICON_NAME = AppIcon;
				"CODE_SIGN_IDENTITY[sdk=iphoneos*]" = "iPhone Developer";
				DEVELOPMENT_TEAM = 8D5SZ9A5H3;
				FRAMEWORK_SEARCH_PATHS = (
					"$(inherited)",
					"$(PROJECT_DIR)",
				);
				INFOPLIST_FILE = Thinh/Info.plist;
				IPHONEOS_DEPLOYMENT_TARGET = 9.0;
				LD_RUNPATH_SEARCH_PATHS = "$(inherited) @executable_path/Frameworks";
				PRODUCT_BUNDLE_IDENTIFIER = com.coderschool.Thinh;
				PRODUCT_NAME = "$(TARGET_NAME)";
				SWIFT_VERSION = 3.0;
			};
			name = Release;
		};
/* End XCBuildConfiguration section */

/* Begin XCConfigurationList section */
		94C71EF81E7444E300D63A95 /* Build configuration list for PBXProject "Thinh" */ = {
			isa = XCConfigurationList;
			buildConfigurations = (
				94C71F0D1E7444E400D63A95 /* Debug */,
				94C71F0E1E7444E400D63A95 /* Release */,
			);
			defaultConfigurationIsVisible = 0;
			defaultConfigurationName = Release;
		};
		94C71F0F1E7444E400D63A95 /* Build configuration list for PBXNativeTarget "Thinh" */ = {
			isa = XCConfigurationList;
			buildConfigurations = (
				94C71F101E7444E400D63A95 /* Debug */,
				94C71F111E7444E400D63A95 /* Release */,
			);
			defaultConfigurationIsVisible = 0;
			defaultConfigurationName = Release;
		};
/* End XCConfigurationList section */
	};
	rootObject = 94C71EF51E7444E300D63A95 /* Project object */;
}
