// !$*UTF8*$!
{
	archiveVersion = 1;
	classes = {
	};
	objectVersion = 46;
	objects = {

/* Begin PBXBuildFile section */
		94C71F011E7444E400D63A95 /* AppDelegate.swift in Sources */ = {isa = PBXBuildFile; fileRef = 94C71F001E7444E400D63A95 /* AppDelegate.swift */; };
		94C71F031E7444E400D63A95 /* ViewController.swift in Sources */ = {isa = PBXBuildFile; fileRef = 94C71F021E7444E400D63A95 /* ViewController.swift */; };
		94C71F061E7444E400D63A95 /* Main.storyboard in Resources */ = {isa = PBXBuildFile; fileRef = 94C71F041E7444E400D63A95 /* Main.storyboard */; };
		94C71F081E7444E400D63A95 /* Assets.xcassets in Resources */ = {isa = PBXBuildFile; fileRef = 94C71F071E7444E400D63A95 /* Assets.xcassets */; };
		94C71F0B1E7444E400D63A95 /* LaunchScreen.storyboard in Resources */ = {isa = PBXBuildFile; fileRef = 94C71F091E7444E400D63A95 /* LaunchScreen.storyboard */; };
		C8263355D1140BCE9AFEE195 /* Pods_Thinh.framework in Frameworks */ = {isa = PBXBuildFile; fileRef = 8B511A829B8797A0E0B0FD21 /* Pods_Thinh.framework */; };
/* End PBXBuildFile section */

/* Begin PBXFileReference section */
		72B5C06EECD187D2F8E9B840 /* Pods-Thinh.release.xcconfig */ = {isa = PBXFileReference; includeInIndex = 1; lastKnownFileType = text.xcconfig; name = "Pods-Thinh.release.xcconfig"; path = "Pods/Target Support Files/Pods-Thinh/Pods-Thinh.release.xcconfig"; sourceTree = "<group>"; };
		75B3FD42645CC32F317309D3 /* Pods-Thinh.debug.xcconfig */ = {isa = PBXFileReference; includeInIndex = 1; lastKnownFileType = text.xcconfig; name = "Pods-Thinh.debug.xcconfig"; path = "Pods/Target Support Files/Pods-Thinh/Pods-Thinh.debug.xcconfig"; sourceTree = "<group>"; };
		8B511A829B8797A0E0B0FD21 /* Pods_Thinh.framework */ = {isa = PBXFileReference; explicitFileType = wrapper.framework; includeInIndex = 0; path = Pods_Thinh.framework; sourceTree = BUILT_PRODUCTS_DIR; };
		94C71EFD1E7444E400D63A95 /* Thinh.app */ = {isa = PBXFileReference; explicitFileType = wrapper.application; includeInIndex = 0; path = Thinh.app; sourceTree = BUILT_PRODUCTS_DIR; };
		94C71F001E7444E400D63A95 /* AppDelegate.swift */ = {isa = PBXFileReference; lastKnownFileType = sourcecode.swift; path = AppDelegate.swift; sourceTree = "<group>"; };
		94C71F021E7444E400D63A95 /* ViewController.swift */ = {isa = PBXFileReference; lastKnownFileType = sourcecode.swift; path = ViewController.swift; sourceTree = "<group>"; };
		94C71F051E7444E400D63A95 /* Base */ = {isa = PBXFileReference; lastKnownFileType = file.storyboard; name = Base; path = Base.lproj/Main.storyboard; sourceTree = "<group>"; };
		94C71F071E7444E400D63A95 /* Assets.xcassets */ = {isa = PBXFileReference; lastKnownFileType = folder.assetcatalog; path = Assets.xcassets; sourceTree = "<group>"; };
		94C71F0A1E7444E400D63A95 /* Base */ = {isa = PBXFileReference; lastKnownFileType = file.storyboard; name = Base; path = Base.lproj/LaunchScreen.storyboard; sourceTree = "<group>"; };
		94C71F0C1E7444E400D63A95 /* Info.plist */ = {isa = PBXFileReference; lastKnownFileType = text.plist.xml; path = Info.plist; sourceTree = "<group>"; };
/* End PBXFileReference section */

/* Begin PBXFrameworksBuildPhase section */
		94C71EFA1E7444E300D63A95 /* Frameworks */ = {
			isa = PBXFrameworksBuildPhase;
			buildActionMask = 2147483647;
			files = (
				C8263355D1140BCE9AFEE195 /* Pods_Thinh.framework in Frameworks */,
			);
			runOnlyForDeploymentPostprocessing = 0;
		};
/* End PBXFrameworksBuildPhase section */

/* Begin PBXGroup section */
		94C71EF41E7444E300D63A95 = {
			isa = PBXGroup;
			children = (
				94C71EFF1E7444E400D63A95 /* Thinh */,
				94C71EFE1E7444E400D63A95 /* Products */,
				B78E57204AFA4356146B95B2 /* Pods */,
				E91F839E610D906F29C478C7 /* Frameworks */,
			);
			sourceTree = "<group>";
		};
		94C71EFE1E7444E400D63A95 /* Products */ = {
			isa = PBXGroup;
			children = (
				94C71EFD1E7444E400D63A95 /* Thinh.app */,
			);
			name = Products;
			sourceTree = "<group>";
		};
		94C71EFF1E7444E400D63A95 /* Thinh */ = {
			isa = PBXGroup;
			children = (
				94C71F001E7444E400D63A95 /* AppDelegate.swift */,
				94C71F021E7444E400D63A95 /* ViewController.swift */,
				94C71F041E7444E400D63A95 /* Main.storyboard */,
				94C71F071E7444E400D63A95 /* Assets.xcassets */,
				94C71F091E7444E400D63A95 /* LaunchScreen.storyboard */,
				94C71F0C1E7444E400D63A95 /* Info.plist */,
			);
			path = Thinh;
			sourceTree = "<group>";
		};
		B78E57204AFA4356146B95B2 /* Pods */ = {
			isa = PBXGroup;
			children = (
				75B3FD42645CC32F317309D3 /* Pods-Thinh.debug.xcconfig */,
				72B5C06EECD187D2F8E9B840 /* Pods-Thinh.release.xcconfig */,
			);
			name = Pods;
			sourceTree = "<group>";
		};
		E91F839E610D906F29C478C7 /* Frameworks */ = {
			isa = PBXGroup;
			children = (
				8B511A829B8797A0E0B0FD21 /* Pods_Thinh.framework */,
			);
			name = Frameworks;
			sourceTree = "<group>";
		};
/* End PBXGroup section */

/* Begin PBXNativeTarget section */
		94C71EFC1E7444E300D63A95 /* Thinh */ = {
			isa = PBXNativeTarget;
			buildConfigurationList = 94C71F0F1E7444E400D63A95 /* Build configuration list for PBXNativeTarget "Thinh" */;
			buildPhases = (
				79539952EE1EDEA9ECC18079 /* [CP] Check Pods Manifest.lock */,
				94C71EF91E7444E300D63A95 /* Sources */,
				94C71EFA1E7444E300D63A95 /* Frameworks */,
				94C71EFB1E7444E300D63A95 /* Resources */,
				C2851D7D3DEE2333B607B4DE /* [CP] Embed Pods Frameworks */,
				29AC579ACD6AE88AEC0A91D5 /* [CP] Copy Pods Resources */,
			);
			buildRules = (
			);
			dependencies = (
			);
			name = Thinh;
			productName = Thinh;
			productReference = 94C71EFD1E7444E400D63A95 /* Thinh.app */;
			productType = "com.apple.product-type.application";
		};
/* End PBXNativeTarget section */

/* Begin PBXProject section */
		94C71EF51E7444E300D63A95 /* Project object */ = {
			isa = PBXProject;
			attributes = {
				LastSwiftUpdateCheck = 0820;
				LastUpgradeCheck = 0820;
				ORGANIZATIONNAME = coderschool;
				TargetAttributes = {
					94C71EFC1E7444E300D63A95 = {
						CreatedOnToolsVersion = 8.2.1;
						DevelopmentTeam = A2S8X674GE;
						ProvisioningStyle = Automatic;
					};
				};
			};
			buildConfigurationList = 94C71EF81E7444E300D63A95 /* Build configuration list for PBXProject "Thinh" */;
			compatibilityVersion = "Xcode 3.2";
			developmentRegion = English;
			hasScannedForEncodings = 0;
			knownRegions = (
				en,
				Base,
			);
			mainGroup = 94C71EF41E7444E300D63A95;
			productRefGroup = 94C71EFE1E7444E400D63A95 /* Products */;
			projectDirPath = "";
			projectRoot = "";
			targets = (
				94C71EFC1E7444E300D63A95 /* Thinh */,
			);
		};
/* End PBXProject section */

/* Begin PBXResourcesBuildPhase section */
		94C71EFB1E7444E300D63A95 /* Resources */ = {
			isa = PBXResourcesBuildPhase;
			buildActionMask = 2147483647;
			files = (
				94C71F0B1E7444E400D63A95 /* LaunchScreen.storyboard in Resources */,
				94C71F081E7444E400D63A95 /* Assets.xcassets in Resources */,
				94C71F061E7444E400D63A95 /* Main.storyboard in Resources */,
			);
			runOnlyForDeploymentPostprocessing = 0;
		};
/* End PBXResourcesBuildPhase section */

/* Begin PBXShellScriptBuildPhase section */
		29AC579ACD6AE88AEC0A91D5 /* [CP] Copy Pods Resources */ = {
			isa = PBXShellScriptBuildPhase;
			buildActionMask = 2147483647;
			files = (
			);
			inputPaths = (
			);
			name = "[CP] Copy Pods Resources";
			outputPaths = (
			);
			runOnlyForDeploymentPostprocessing = 0;
			shellPath = /bin/sh;
			shellScript = "\"${SRCROOT}/Pods/Target Support Files/Pods-Thinh/Pods-Thinh-resources.sh\"\n";
			showEnvVarsInLog = 0;
		};
		79539952EE1EDEA9ECC18079 /* [CP] Check Pods Manifest.lock */ = {
			isa = PBXShellScriptBuildPhase;
			buildActionMask = 2147483647;
			files = (
			);
			inputPaths = (
			);
			name = "[CP] Check Pods Manifest.lock";
			outputPaths = (
			);
			runOnlyForDeploymentPostprocessing = 0;
			shellPath = /bin/sh;
			shellScript = "diff \"${PODS_ROOT}/../Podfile.lock\" \"${PODS_ROOT}/Manifest.lock\" > /dev/null\nif [ $? != 0 ] ; then\n    # print error to STDERR\n    echo \"error: The sandbox is not in sync with the Podfile.lock. Run 'pod install' or update your CocoaPods installation.\" >&2\n    exit 1\nfi\n";
			showEnvVarsInLog = 0;
		};
		C2851D7D3DEE2333B607B4DE /* [CP] Embed Pods Frameworks */ = {
			isa = PBXShellScriptBuildPhase;
			buildActionMask = 2147483647;
			files = (
			);
			inputPaths = (
			);
			name = "[CP] Embed Pods Frameworks";
			outputPaths = (
			);
			runOnlyForDeploymentPostprocessing = 0;
			shellPath = /bin/sh;
			shellScript = "\"${SRCROOT}/Pods/Target Support Files/Pods-Thinh/Pods-Thinh-frameworks.sh\"\n";
			showEnvVarsInLog = 0;
		};
/* End PBXShellScriptBuildPhase section */

/* Begin PBXSourcesBuildPhase section */
		94C71EF91E7444E300D63A95 /* Sources */ = {
			isa = PBXSourcesBuildPhase;
			buildActionMask = 2147483647;
			files = (
				94C71F031E7444E400D63A95 /* ViewController.swift in Sources */,
				94C71F011E7444E400D63A95 /* AppDelegate.swift in Sources */,
			);
			runOnlyForDeploymentPostprocessing = 0;
		};
/* End PBXSourcesBuildPhase section */

/* Begin PBXVariantGroup section */
		94C71F041E7444E400D63A95 /* Main.storyboard */ = {
			isa = PBXVariantGroup;
			children = (
				94C71F051E7444E400D63A95 /* Base */,
			);
			name = Main.storyboard;
			sourceTree = "<group>";
		};
		94C71F091E7444E400D63A95 /* LaunchScreen.storyboard */ = {
			isa = PBXVariantGroup;
			children = (
				94C71F0A1E7444E400D63A95 /* Base */,
			);
			name = LaunchScreen.storyboard;
			sourceTree = "<group>";
		};
/* End PBXVariantGroup section */

/* Begin XCBuildConfiguration section */
		94C71F0D1E7444E400D63A95 /* Debug */ = {
			isa = XCBuildConfiguration;
			buildSettings = {
				ALWAYS_SEARCH_USER_PATHS = NO;
				CLANG_ANALYZER_NONNULL = YES;
				CLANG_CXX_LANGUAGE_STANDARD = "gnu++0x";
				CLANG_CXX_LIBRARY = "libc++";
				CLANG_ENABLE_MODULES = YES;
				CLANG_ENABLE_OBJC_ARC = YES;
				CLANG_WARN_BOOL_CONVERSION = YES;
				CLANG_WARN_CONSTANT_CONVERSION = YES;
				CLANG_WARN_DIRECT_OBJC_ISA_USAGE = YES_ERROR;
				CLANG_WARN_DOCUMENTATION_COMMENTS = YES;
				CLANG_WARN_EMPTY_BODY = YES;
				CLANG_WARN_ENUM_CONVERSION = YES;
				CLANG_WARN_INFINITE_RECURSION = YES;
				CLANG_WARN_INT_CONVERSION = YES;
				CLANG_WARN_OBJC_ROOT_CLASS = YES_ERROR;
				CLANG_WARN_SUSPICIOUS_MOVE = YES;
				CLANG_WARN_UNREACHABLE_CODE = YES;
				CLANG_WARN__DUPLICATE_METHOD_MATCH = YES;
				"CODE_SIGN_IDENTITY[sdk=iphoneos*]" = "iPhone Developer";
				COPY_PHASE_STRIP = NO;
				DEBUG_INFORMATION_FORMAT = dwarf;
				ENABLE_STRICT_OBJC_MSGSEND = YES;
				ENABLE_TESTABILITY = YES;
				GCC_C_LANGUAGE_STANDARD = gnu99;
				GCC_DYNAMIC_NO_PIC = NO;
				GCC_NO_COMMON_BLOCKS = YES;
				GCC_OPTIMIZATION_LEVEL = 0;
				GCC_PREPROCESSOR_DEFINITIONS = (
					"DEBUG=1",
					"$(inherited)",
				);
				GCC_WARN_64_TO_32_BIT_CONVERSION = YES;
				GCC_WARN_ABOUT_RETURN_TYPE = YES_ERROR;
				GCC_WARN_UNDECLARED_SELECTOR = YES;
				GCC_WARN_UNINITIALIZED_AUTOS = YES_AGGRESSIVE;
				GCC_WARN_UNUSED_FUNCTION = YES;
				GCC_WARN_UNUSED_VARIABLE = YES;
				IPHONEOS_DEPLOYMENT_TARGET = 10.2;
				MTL_ENABLE_DEBUG_INFO = YES;
				ONLY_ACTIVE_ARCH = YES;
				SDKROOT = iphoneos;
				SWIFT_ACTIVE_COMPILATION_CONDITIONS = DEBUG;
				SWIFT_OPTIMIZATION_LEVEL = "-Onone";
				TARGETED_DEVICE_FAMILY = "1,2";
			};
			name = Debug;
		};
		94C71F0E1E7444E400D63A95 /* Release */ = {
			isa = XCBuildConfiguration;
			buildSettings = {
				ALWAYS_SEARCH_USER_PATHS = NO;
				CLANG_ANALYZER_NONNULL = YES;
				CLANG_CXX_LANGUAGE_STANDARD = "gnu++0x";
				CLANG_CXX_LIBRARY = "libc++";
				CLANG_ENABLE_MODULES = YES;
				CLANG_ENABLE_OBJC_ARC = YES;
				CLANG_WARN_BOOL_CONVERSION = YES;
				CLANG_WARN_CONSTANT_CONVERSION = YES;
				CLANG_WARN_DIRECT_OBJC_ISA_USAGE = YES_ERROR;
				CLANG_WARN_DOCUMENTATION_COMMENTS = YES;
				CLANG_WARN_EMPTY_BODY = YES;
				CLANG_WARN_ENUM_CONVERSION = YES;
				CLANG_WARN_INFINITE_RECURSION = YES;
				CLANG_WARN_INT_CONVERSION = YES;
				CLANG_WARN_OBJC_ROOT_CLASS = YES_ERROR;
				CLANG_WARN_SUSPICIOUS_MOVE = YES;
				CLANG_WARN_UNREACHABLE_CODE = YES;
				CLANG_WARN__DUPLICATE_METHOD_MATCH = YES;
				"CODE_SIGN_IDENTITY[sdk=iphoneos*]" = "iPhone Developer";
				COPY_PHASE_STRIP = NO;
				DEBUG_INFORMATION_FORMAT = "dwarf-with-dsym";
				ENABLE_NS_ASSERTIONS = NO;
				ENABLE_STRICT_OBJC_MSGSEND = YES;
				GCC_C_LANGUAGE_STANDARD = gnu99;
				GCC_NO_COMMON_BLOCKS = YES;
				GCC_WARN_64_TO_32_BIT_CONVERSION = YES;
				GCC_WARN_ABOUT_RETURN_TYPE = YES_ERROR;
				GCC_WARN_UNDECLARED_SELECTOR = YES;
				GCC_WARN_UNINITIALIZED_AUTOS = YES_AGGRESSIVE;
				GCC_WARN_UNUSED_FUNCTION = YES;
				GCC_WARN_UNUSED_VARIABLE = YES;
				IPHONEOS_DEPLOYMENT_TARGET = 10.2;
				MTL_ENABLE_DEBUG_INFO = NO;
				SDKROOT = iphoneos;
				SWIFT_OPTIMIZATION_LEVEL = "-Owholemodule";
				TARGETED_DEVICE_FAMILY = "1,2";
				VALIDATE_PRODUCT = YES;
			};
			name = Release;
		};
		94C71F101E7444E400D63A95 /* Debug */ = {
			isa = XCBuildConfiguration;
			baseConfigurationReference = 75B3FD42645CC32F317309D3 /* Pods-Thinh.debug.xcconfig */;
			buildSettings = {
				ASSETCATALOG_COMPILER_APPICON_NAME = AppIcon;
				DEVELOPMENT_TEAM = A2S8X674GE;
				INFOPLIST_FILE = Thinh/Info.plist;
				LD_RUNPATH_SEARCH_PATHS = "$(inherited) @executable_path/Frameworks";
				PRODUCT_BUNDLE_IDENTIFIER = com.coderschool.Thinh;
				PRODUCT_NAME = "$(TARGET_NAME)";
				SWIFT_VERSION = 3.0;
			};
			name = Debug;
		};
		94C71F111E7444E400D63A95 /* Release */ = {
			isa = XCBuildConfiguration;
			baseConfigurationReference = 72B5C06EECD187D2F8E9B840 /* Pods-Thinh.release.xcconfig */;
			buildSettings = {
				ASSETCATALOG_COMPILER_APPICON_NAME = AppIcon;
				DEVELOPMENT_TEAM = A2S8X674GE;
				INFOPLIST_FILE = Thinh/Info.plist;
				LD_RUNPATH_SEARCH_PATHS = "$(inherited) @executable_path/Frameworks";
				PRODUCT_BUNDLE_IDENTIFIER = com.coderschool.Thinh;
				PRODUCT_NAME = "$(TARGET_NAME)";
				SWIFT_VERSION = 3.0;
			};
			name = Release;
		};
/* End XCBuildConfiguration section */

/* Begin XCConfigurationList section */
		94C71EF81E7444E300D63A95 /* Build configuration list for PBXProject "Thinh" */ = {
			isa = XCConfigurationList;
			buildConfigurations = (
				94C71F0D1E7444E400D63A95 /* Debug */,
				94C71F0E1E7444E400D63A95 /* Release */,
			);
			defaultConfigurationIsVisible = 0;
			defaultConfigurationName = Release;
		};
		94C71F0F1E7444E400D63A95 /* Build configuration list for PBXNativeTarget "Thinh" */ = {
			isa = XCConfigurationList;
			buildConfigurations = (
				94C71F101E7444E400D63A95 /* Debug */,
				94C71F111E7444E400D63A95 /* Release */,
			);
			defaultConfigurationIsVisible = 0;
		};
/* End XCConfigurationList section */
	};
	rootObject = 94C71EF51E7444E300D63A95 /* Project object */;
}
